{
  "lock_format": "RFDS-AI-CONTRACT-LOCK-1",
  "driver_id": "keysight_n6700",
  "driver_version": "26.9.0",
  "release": "26.09",
  "keyword_count": 69,
  "keyword_names": [
    "Connect To N6700",
    "Connect To Simulated N6700",
    "Connect To N6700 Via VISA",
    "Connect To N6700 Via USB",
    "Connect To N6700 Via Ethernet",
    "Select N6700",
    "Get Current N6700 Alias",
    "Get Connected N6700 Aliases",
    "Connect",
    "Disconnect",
    "Is Connected",
    "Get Connection State",
    "Check Communication",
    "Get Identity",
    "Disconnect N6700",
    "Disconnect All N6700",
    "Get N6700 Identity",
    "Get N6700 Channel Count",
    "Discover N6700 Modules",
    "Get N6700 Channel Information",
    "Write N6700 SCPI",
    "Query N6700 SCPI",
    "Clear N6700 Status",
    "Reset N6700",
    "Run N6700 Self Test",
    "Check N6700 Errors",
    "Drain N6700 Errors",
    "Set N6700 Voltage",
    "Get N6700 Voltage Setpoint",
    "Set N6700 Current Limit",
    "Get N6700 Current Limit",
    "Configure N6700 Power Supply Channel",
    "Set N6700 Output",
    "Turn On N6700 Output",
    "Turn Off N6700 Output",
    "Get N6700 Output State",
    "Set N6700 Outputs",
    "Set N6700 Over Voltage Protection",
    "Get N6700 Over Voltage Protection",
    "Set N6700 Over Current Protection",
    "Get N6700 Over Current Protection",
    "Measure N6700 Voltage",
    "Measure N6700 Current",
    "Measure N6700 Power",
    "Measure N6700 Channel",
    "Measure All N6700 Channels",
    "N6700 Voltage Should Be",
    "N6700 Current Should Be",
    "N6700 Power Should Be",
    "N6700 Output Should Be",
    "Wait Until N6700 Voltage Is In Range",
    "Get N6700 Protection Status",
    "Clear N6700 Protection",
    "Shutdown All N6700 Channels",
    "Set N6700 SMU Mode",
    "Get N6700 SMU Mode",
    "Configure N6700 SMU Voltage Priority",
    "Configure N6700 SMU Current Priority",
    "Set N6700 SMU Output Off Mode",
    "Get N6700 SMU Output Off Mode",
    "Set N6700 Load Mode",
    "Get N6700 Load Mode",
    "Set N6700 Load Level",
    "Get N6700 Load Level",
    "Set N6700 Load Input",
    "Turn On N6700 Load Input",
    "Turn Off N6700 Load Input",
    "Get N6700 Load Input State",
    "Configure N6700 Load CC"
  ],
  "hashes": {
    "ai_contract_sha256": "17726bdf200c24700d36f164781cf1c1e9e7b557f41019c9932beb5e78eae3c1",
    "system_ai_contract_sha256": "5f30ecc0842eec49b6cc5094852c251c709bf66a69cefad35ec1c05bd0ac2843",
    "library_source_sha256": "942c036de18d5f8183aab6d5c074b6669dd3c4974adb246ad5b4f4ed2f144681",
    "generator_sha256": "38881fe431c9aeff7176ae1a1b3d54a7681dd9f2e40b9a5329ca6044e937ef37"
  },
  "generation": {
    "command": "python scripts/generate_ai_contract.py",
    "deterministic": true,
    "yaml_encoding": "JSON-compatible YAML 1.2"
  }
}
