algorithm: SHA-256
sha256: b5acf460e08262ea57ab3ee7ddf4cb378cd90c6b5ff11d0b05af4df7edf26439
public_api_sha256: 39e0a018a8207affd6b943770ac40fd7d78816c4ca04139ccee51955c1411bd7
keyword_count: 109
surface:
- Check Communication(alias=${NONE})
- Clear DMM Status(alias=${NONE})
- Clear Device Errors(alias=${NONE})
- Close All DMMs()
- Close DMM(alias=${NONE})
- Configure 2 Wire Resistance(range_value=DEF, nplc=10, autozero=ON, alias=${NONE})
- Configure 4 Wire Resistance(range_value=DEF, nplc=10, autozero=ON, alias=${NONE})
- Configure AC Current(range_value=DEF, ac_filter_hz=20, alias=${NONE})
- Configure AC Voltage(range_value=DEF, ac_filter_hz=20, alias=${NONE})
- Configure Continuity(alias=${NONE})
- Configure DC Current(range_value=DEF, nplc=10, autozero=ON, alias=${NONE})
- Configure DC Voltage(range_value=DEF, nplc=10, autozero=ON, alias=${NONE})
- Configure Diode(alias=${NONE})
- Configure Frequency(voltage_range=DEF, aperture=0.1, alias=${NONE})
- Configure Period(voltage_range=DEF, aperture=0.1, alias=${NONE})
- Connect(resource=${NONE}, alias=default, timeout_s=${NONE}, **options)
- Connect DMM(resource, transport=AUTO, alias=default, timeout=10 s, visa_library=${NONE}, baud_rate=9600, parity=none, data_bits=8, stop_bits=2, dtr_dsr=${TRUE},
  remote_on_connect=${TRUE}, local_on_close=${FALSE}, reset_on_connect=${FALSE}, verify_identity=${TRUE}, drain_error_queue=${TRUE}, retry_queries=${TRUE}, max_query_retries=1,
  allow_calibration_commands=${FALSE}, replace=${FALSE}, raw_traffic_log=${FALSE})
- DMM Error Queue Should Be Empty(alias=${NONE})
- DMM Model Should Be 34401A(alias=${NONE})
- DMM Reading Should Be Between(minimum, maximum, alias=${NONE})
- DMM Reading Should Be Close To(expected, absolute_tolerance=0.0, relative_tolerance=0.0, alias=${NONE})
- DMM Reading Should Be Greater Than(minimum, alias=${NONE})
- DMM Reading Should Be Less Than(maximum, alias=${NONE})
- DMM Reading Should Be Valid(alias=${NONE})
- DMM Reading Should Not Be Overload(alias=${NONE})
- DMM Self Test Should Pass(alias=${NONE})
- DMM Should Be Connected(alias=${NONE})
- DMM Should Have No Errors(context=, alias=${NONE})
- Delete Driver Configuration Profile(profile_name)
- Device Error Queue Should Be Empty(alias=${NONE})
- Disconnect(alias=${NONE})
- Disconnect All()
- Disconnect DMM(alias=${NONE})
- Export Diagnostic Bundle(destination=${NONE})
- Export Driver Configuration(destination=${NONE}, indent=2)
- Fetch DMM Readings(alias=${NONE})
- Find Driver Capabilities(capability_id=${NONE}, keyword_name=${NONE}, maximum_risk=${NONE}, available_only=${FALSE}, mode=effective)
- Get Active Connection()
- Get Active DMM Alias()
- Get All Device Errors(max_count=25, alias=${NONE})
- Get Communication Timeout(alias=${NONE})
- Get Connection State(alias=${NONE}, refresh=${FALSE})
- Get DMM Driver Version()
- Get DMM Error Queue(max_errors=25, alias=${NONE})
- Get DMM Health(alias=${NONE})
- Get DMM Input Terminal(alias=${NONE})
- Get DMM State(alias=${NONE})
- Get Device Error(alias=${NONE})
- Get Driver Capabilities()
- Get Driver Capability(capability_id, mode=effective)
- Get Driver Capability Model(mode=effective)
- Get Driver Configuration(scope=EFFECTIVE, alias=${NONE}, redact_sensitive=${TRUE}, include_sources=${FALSE})
- Get Driver Configuration Schema()
- Get Driver Default Configuration()
- Get Driver Features(mode=effective)
- Get Driver Information()
- Get Driver Metadata(alias=${NONE})
- Get Identity(alias=${NONE}, refresh=${FALSE})
- Get Last DMM Reading(alias=${NONE})
- Get Last DMM Reading Value(alias=${NONE})
- Get Open DMM Aliases()
- Get Robot DMM Library Version()
- Identify DMM(alias=${NONE})
- Import Driver Configuration(source, validate_only=${FALSE}, strict=${TRUE})
- Initiate DMM Measurement(alias=${NONE})
- Is Connected(alias=${NONE})
- List Connections()
- List Driver Configuration Profiles()
- List VISA Resources(visa_library=${NONE})
- Load Driver Configuration(profile_name, validate_only=${FALSE})
- Measure 2 Wire Resistance(range_value=DEF, nplc=10, alias=${NONE})
- Measure 4 Wire Resistance(range_value=DEF, nplc=10, alias=${NONE})
- Measure AC Current(range_value=DEF, ac_filter_hz=20, alias=${NONE})
- Measure AC Voltage(range_value=DEF, ac_filter_hz=20, alias=${NONE})
- Measure Continuity(alias=${NONE})
- Measure DC Current(range_value=DEF, nplc=10, alias=${NONE})
- Measure DC Voltage(range_value=DEF, nplc=10, alias=${NONE})
- Measure Diode(alias=${NONE})
- Measure Frequency(voltage_range=DEF, aperture=0.1, alias=${NONE})
- Measure Period(voltage_range=DEF, aperture=0.1, alias=${NONE})
- Open DMM Via Serial(port, alias=default, baud_rate=9600, parity=none, data_bits=8, stop_bits=2, timeout=10 s, dtr_dsr=${TRUE}, remote_on_connect=${TRUE}, local_on_close=${FALSE},
  verify_identity=${TRUE}, retry_queries=${TRUE}, max_query_retries=1, allow_calibration_commands=${FALSE}, replace=${FALSE}, raw_traffic_log=${FALSE})
- Open DMM Via VISA(resource, alias=default, timeout=10 s, visa_library=${NONE}, reset_on_connect=${FALSE}, verify_identity=${TRUE}, drain_error_queue=${TRUE}, retry_queries=${TRUE},
  max_query_retries=1, allow_calibration_commands=${FALSE}, replace=${FALSE}, raw_traffic_log=${FALSE})
- Open Simulated DMM(alias=default, reading=12.0, identity=HEWLETT-PACKARD,34401A,SIM0001,11-05-01, terminal=FRONT, replace=${FALSE})
- Query DMM Command(command, alias=${NONE})
- Query Raw Command(command, alias=${NONE}, timeout_s=${NONE})
- Read DMM(alias=${NONE})
- Read DMM Error(alias=${NONE})
- Read DMM Once With Bus Trigger(alias=${NONE})
- Read Raw Response(alias=${NONE}, timeout_s=${NONE})
- Read Stable Resistance(expected_ohm=${NONE}, range_value=AUTO, nplc=10, final_nplc=100, min_settle=500 ms, max_wait=20 s, sample_interval=200 ms, window_size=5,
  max_stdev_ohm=${NONE}, max_relative_stdev=0.0005, max_slope_relative_per_s=0.0005, four_wire=${FALSE}, alias=${NONE})
- Recover DMM(alias=${NONE})
- Refresh Driver Capabilities(mode=effective)
- Require DMM Input Terminal(expected, alias=${NONE})
- Reset Device(alias=${NONE}, wait_until_ready=${TRUE}, timeout_s=${NONE})
- Reset Driver Configuration()
- Run DMM Self Test(alias=${NONE})
- Save Driver Configuration(profile_name, overwrite=${FALSE})
- Select Connection(alias)
- Select DMM(alias)
- Send DMM Bus Trigger(alias=${NONE})
- Set Communication Timeout(timeout_s, alias=${NONE})
- Set DMM Trigger Source(source, alias=${NONE})
- Set Raw I/O Enabled(enabled)
- Stable Resistance Should Be Between(result, minimum, maximum)
- Try Read Stable Resistance(expected_ohm=${NONE}, range_value=AUTO, nplc=10, final_nplc=100, min_settle=500 ms, max_wait=20 s, sample_interval=200 ms, window_size=5,
  max_stdev_ohm=${NONE}, max_relative_stdev=0.0005, max_slope_relative_per_s=0.0005, four_wire=${FALSE}, alias=${NONE})
- Validate Driver Capabilities()
- Validate Driver Configuration(configuration, strict=${TRUE})
- Write DMM Command(command, alias=${NONE})
- Write Raw Command(command, alias=${NONE})
